
Microsoft Visual Studio Solution File, Format Version 12.00
# Visual Studio Version 17
VisualStudioVersion = 17.3.32901.215
MinimumVisualStudioVersion = 10.0.40219.1
Project("{FAE04EC0-301F-11D3-BF4B-00C04F79EFBC}") = "Condicionais", "Condicionais.csproj", "{4D11B969-C71E-4C30-9B36-23BA958BB312}"
EndProject
Project("{FAE04EC0-301F-11D3-BF4B-00C04F79EFBC}") = "Calculadora", "..\Calculadora\Calculadora.csproj", "{A73E0BA2-F4B5-419B-B2C0-1385B6624C15}"
EndProject
Project("{FAE04EC0-301F-11D3-BF4B-00C04F79EFBC}") = "Exercicio_", "..\Exercicio_\Exercicio_.csproj", "{BD1054E8-7E15-452C-BAC5-2600626B5C80}"
EndProject
Project("{FAE04EC0-301F-11D3-BF4B-00C04F79EFBC}") = "Exercicio_2", "..\Exercicio_2\Exercicio_2.csproj", "{86851735-D977-421F-9EC5-C420F840E685}"
EndProject
Global
	GlobalSection(SolutionConfigurationPlatforms) = preSolution
		Debug|Any CPU = Debug|Any CPU
		Release|Any CPU = Release|Any CPU
	EndGlobalSection
	GlobalSection(ProjectConfigurationPlatforms) = postSolution
		{4D11B969-C71E-4C30-9B36-23BA958BB312}.Debug|Any CPU.ActiveCfg = Debug|Any CPU
		{4D11B969-C71E-4C30-9B36-23BA958BB312}.Debug|Any CPU.Build.0 = Debug|Any CPU
		{4D11B969-C71E-4C30-9B36-23BA958BB312}.Release|Any CPU.ActiveCfg = Release|Any CPU
		{4D11B969-C71E-4C30-9B36-23BA958BB312}.Release|Any CPU.Build.0 = Release|Any CPU
		{A73E0BA2-F4B5-419B-B2C0-1385B6624C15}.Debug|Any CPU.ActiveCfg = Debug|Any CPU
		{A73E0BA2-F4B5-419B-B2C0-1385B6624C15}.Debug|Any CPU.Build.0 = Debug|Any CPU
		{A73E0BA2-F4B5-419B-B2C0-1385B6624C15}.Release|Any CPU.ActiveCfg = Release|Any CPU
		{A73E0BA2-F4B5-419B-B2C0-1385B6624C15}.Release|Any CPU.Build.0 = Release|Any CPU
		{BD1054E8-7E15-452C-BAC5-2600626B5C80}.Debug|Any CPU.ActiveCfg = Debug|Any CPU
		{BD1054E8-7E15-452C-BAC5-2600626B5C80}.Debug|Any CPU.Build.0 = Debug|Any CPU
		{BD1054E8-7E15-452C-BAC5-2600626B5C80}.Release|Any CPU.ActiveCfg = Release|Any CPU
		{BD1054E8-7E15-452C-BAC5-2600626B5C80}.Release|Any CPU.Build.0 = Release|Any CPU
		{86851735-D977-421F-9EC5-C420F840E685}.Debug|Any CPU.ActiveCfg = Debug|Any CPU
		{86851735-D977-421F-9EC5-C420F840E685}.Debug|Any CPU.Build.0 = Debug|Any CPU
		{86851735-D977-421F-9EC5-C420F840E685}.Release|Any CPU.ActiveCfg = Release|Any CPU
		{86851735-D977-421F-9EC5-C420F840E685}.Release|Any CPU.Build.0 = Release|Any CPU
	EndGlobalSection
	GlobalSection(SolutionProperties) = preSolution
		HideSolutionNode = FALSE
	EndGlobalSection
	GlobalSection(ExtensibilityGlobals) = postSolution
		SolutionGuid = {F738D315-3051-40DA-825B-89052B42C654}
	EndGlobalSection
EndGlobal
